// !$*UTF8*$!
{
	archiveVersion = 1;
	classes = {
	};
	objectVersion = 55;
	objects = {

/* Begin PBXBuildFile section */
		F06F7FA027E75B8F008A9C83 /* ThemeDownloadCellModel.swift in Sources */ = {isa = PBXBuildFile; fileRef = F06F7F9F27E75B8F008A9C83 /* ThemeDownloadCellModel.swift */; };
		F06F7FA227E8A6F0008A9C83 /* ThemeDownloadCellDelegate.swift in Sources */ = {isa = PBXBuildFile; fileRef = F06F7FA127E8A6F0008A9C83 /* ThemeDownloadCellDelegate.swift */; };
		F071D6D027E3C65200EAD5E8 /* AudioService.swift in Sources */ = {isa = PBXBuildFile; fileRef = F071D6CF27E3C65200EAD5E8 /* AudioService.swift */; };
		F071D6D227E3CA2500EAD5E8 /* test.mp3 in Resources */ = {isa = PBXBuildFile; fileRef = F071D6D127E3CA2500EAD5E8 /* test.mp3 */; };
		F071D6D627E4849400EAD5E8 /* ThemeCache.swift in Sources */ = {isa = PBXBuildFile; fileRef = F071D6D527E4849400EAD5E8 /* ThemeCache.swift */; };
		F071D6DA27E4A3B700EAD5E8 /* Downloader.swift in Sources */ = {isa = PBXBuildFile; fileRef = F071D6D927E4A3B700EAD5E8 /* Downloader.swift */; };
		F071D6DD27E4F3E400EAD5E8 /* DownloadDelegate.swift in Sources */ = {isa = PBXBuildFile; fileRef = F071D6DC27E4F3E400EAD5E8 /* DownloadDelegate.swift */; };
		F071D6DF27E4F42100EAD5E8 /* DownloadTaskState.swift in Sources */ = {isa = PBXBuildFile; fileRef = F071D6DE27E4F42100EAD5E8 /* DownloadTaskState.swift */; };
		F071D6E127E5D18200EAD5E8 /* ThemeDownloadCell.swift in Sources */ = {isa = PBXBuildFile; fileRef = F071D6E027E5D18200EAD5E8 /* ThemeDownloadCell.swift */; };
		F0BEC7BB27E33CE600EE0ED9 /* AppDelegate.swift in Sources */ = {isa = PBXBuildFile; fileRef = F0BEC7BA27E33CE600EE0ED9 /* AppDelegate.swift */; };
		F0BEC7BD27E33CE600EE0ED9 /* SceneDelegate.swift in Sources */ = {isa = PBXBuildFile; fileRef = F0BEC7BC27E33CE600EE0ED9 /* SceneDelegate.swift */; };
		F0BEC7BF27E33CE600EE0ED9 /* ViewController.swift in Sources */ = {isa = PBXBuildFile; fileRef = F0BEC7BE27E33CE600EE0ED9 /* ViewController.swift */; };
		F0BEC7C227E33CE600EE0ED9 /* Main.storyboard in Resources */ = {isa = PBXBuildFile; fileRef = F0BEC7C027E33CE600EE0ED9 /* Main.storyboard */; };
		F0BEC7C427E33CE900EE0ED9 /* Assets.xcassets in Resources */ = {isa = PBXBuildFile; fileRef = F0BEC7C327E33CE900EE0ED9 /* Assets.xcassets */; };
		F0BEC7C727E33CE900EE0ED9 /* LaunchScreen.storyboard in Resources */ = {isa = PBXBuildFile; fileRef = F0BEC7C527E33CE900EE0ED9 /* LaunchScreen.storyboard */; };
/* End PBXBuildFile section */

/* Begin PBXFileReference section */
		F06F7F9F27E75B8F008A9C83 /* ThemeDownloadCellModel.swift */ = {isa = PBXFileReference; lastKnownFileType = sourcecode.swift; path = ThemeDownloadCellModel.swift; sourceTree = "<group>"; };
		F06F7FA127E8A6F0008A9C83 /* ThemeDownloadCellDelegate.swift */ = {isa = PBXFileReference; lastKnownFileType = sourcecode.swift; path = ThemeDownloadCellDelegate.swift; sourceTree = "<group>"; };
		F071D6CF27E3C65200EAD5E8 /* AudioService.swift */ = {isa = PBXFileReference; lastKnownFileType = sourcecode.swift; path = AudioService.swift; sourceTree = "<group>"; };
		F071D6D127E3CA2500EAD5E8 /* test.mp3 */ = {isa = PBXFileReference; lastKnownFileType = audio.mp3; path = test.mp3; sourceTree = "<group>"; };
		F071D6D527E4849400EAD5E8 /* ThemeCache.swift */ = {isa = PBXFileReference; lastKnownFileType = sourcecode.swift; path = ThemeCache.swift; sourceTree = "<group>"; };
		F071D6D927E4A3B700EAD5E8 /* Downloader.swift */ = {isa = PBXFileReference; lastKnownFileType = sourcecode.swift; path = Downloader.swift; sourceTree = "<group>"; };
		F071D6DC27E4F3E400EAD5E8 /* DownloadDelegate.swift */ = {isa = PBXFileReference; lastKnownFileType = sourcecode.swift; path = DownloadDelegate.swift; sourceTree = "<group>"; };
		F071D6DE27E4F42100EAD5E8 /* DownloadTaskState.swift */ = {isa = PBXFileReference; lastKnownFileType = sourcecode.swift; path = DownloadTaskState.swift; sourceTree = "<group>"; };
		F071D6E027E5D18200EAD5E8 /* ThemeDownloadCell.swift */ = {isa = PBXFileReference; lastKnownFileType = sourcecode.swift; path = ThemeDownloadCell.swift; sourceTree = "<group>"; };
		F0BEC7B727E33CE600EE0ED9 /* Exhale-iOS.app */ = {isa = PBXFileReference; explicitFileType = wrapper.application; includeInIndex = 0; path = "Exhale-iOS.app"; sourceTree = BUILT_PRODUCTS_DIR; };
		F0BEC7BA27E33CE600EE0ED9 /* AppDelegate.swift */ = {isa = PBXFileReference; lastKnownFileType = sourcecode.swift; path = AppDelegate.swift; sourceTree = "<group>"; };
		F0BEC7BC27E33CE600EE0ED9 /* SceneDelegate.swift */ = {isa = PBXFileReference; lastKnownFileType = sourcecode.swift; path = SceneDelegate.swift; sourceTree = "<group>"; };
		F0BEC7BE27E33CE600EE0ED9 /* ViewController.swift */ = {isa = PBXFileReference; lastKnownFileType = sourcecode.swift; path = ViewController.swift; sourceTree = "<group>"; };
		F0BEC7C127E33CE600EE0ED9 /* Base */ = {isa = PBXFileReference; lastKnownFileType = file.storyboard; name = Base; path = Base.lproj/Main.storyboard; sourceTree = "<group>"; };
		F0BEC7C327E33CE900EE0ED9 /* Assets.xcassets */ = {isa = PBXFileReference; lastKnownFileType = folder.assetcatalog; path = Assets.xcassets; sourceTree = "<group>"; };
		F0BEC7C627E33CE900EE0ED9 /* Base */ = {isa = PBXFileReference; lastKnownFileType = file.storyboard; name = Base; path = Base.lproj/LaunchScreen.storyboard; sourceTree = "<group>"; };
		F0BEC7C827E33CE900EE0ED9 /* Info.plist */ = {isa = PBXFileReference; lastKnownFileType = text.plist.xml; path = Info.plist; sourceTree = "<group>"; };
/* End PBXFileReference section */

/* Begin PBXFrameworksBuildPhase section */
		F0BEC7B427E33CE600EE0ED9 /* Frameworks */ = {
			isa = PBXFrameworksBuildPhase;
			buildActionMask = 2147483647;
			files = (
			);
			runOnlyForDeploymentPostprocessing = 0;
		};
/* End PBXFrameworksBuildPhase section */

/* Begin PBXGroup section */
		F00C016727EB14D700CC4AA4 /* ThemeDownoadCell */ = {
			isa = PBXGroup;
			children = (
				F071D6E027E5D18200EAD5E8 /* ThemeDownloadCell.swift */,
				F06F7FA127E8A6F0008A9C83 /* ThemeDownloadCellDelegate.swift */,
				F06F7F9F27E75B8F008A9C83 /* ThemeDownloadCellModel.swift */,
			);
			path = ThemeDownoadCell;
			sourceTree = "<group>";
		};
		F071D6D727E4A25500EAD5E8 /* Services */ = {
			isa = PBXGroup;
			children = (
				F071D6CF27E3C65200EAD5E8 /* AudioService.swift */,
				F071D6D827E4A29200EAD5E8 /* Cache */,
				F071D6DB27E4F3C400EAD5E8 /* Network */,
			);
			path = Services;
			sourceTree = "<group>";
		};
		F071D6D827E4A29200EAD5E8 /* Cache */ = {
			isa = PBXGroup;
			children = (
				F071D6D527E4849400EAD5E8 /* ThemeCache.swift */,
			);
			path = Cache;
			sourceTree = "<group>";
		};
		F071D6DB27E4F3C400EAD5E8 /* Network */ = {
			isa = PBXGroup;
			children = (
				F071D6D927E4A3B700EAD5E8 /* Downloader.swift */,
				F071D6DC27E4F3E400EAD5E8 /* DownloadDelegate.swift */,
				F071D6DE27E4F42100EAD5E8 /* DownloadTaskState.swift */,
			);
			path = Network;
			sourceTree = "<group>";
		};
		F0BEC7AE27E33CE600EE0ED9 = {
			isa = PBXGroup;
			children = (
				F0BEC7B927E33CE600EE0ED9 /* Exhale-iOS */,
				F0BEC7B827E33CE600EE0ED9 /* Products */,
			);
			sourceTree = "<group>";
		};
		F0BEC7B827E33CE600EE0ED9 /* Products */ = {
			isa = PBXGroup;
			children = (
				F0BEC7B727E33CE600EE0ED9 /* Exhale-iOS.app */,
			);
			name = Products;
			sourceTree = "<group>";
		};
		F0BEC7B927E33CE600EE0ED9 /* Exhale-iOS */ = {
			isa = PBXGroup;
			children = (
				F0BEC7BA27E33CE600EE0ED9 /* AppDelegate.swift */,
				F0BEC7BC27E33CE600EE0ED9 /* SceneDelegate.swift */,
				F071D6D727E4A25500EAD5E8 /* Services */,
				F0BEC7BE27E33CE600EE0ED9 /* ViewController.swift */,
				F00C016727EB14D700CC4AA4 /* ThemeDownoadCell */,
				F0BEC7C027E33CE600EE0ED9 /* Main.storyboard */,
				F0BEC7C327E33CE900EE0ED9 /* Assets.xcassets */,
				F0BEC7C527E33CE900EE0ED9 /* LaunchScreen.storyboard */,
				F0BEC7C827E33CE900EE0ED9 /* Info.plist */,
				F071D6D127E3CA2500EAD5E8 /* test.mp3 */,
			);
			path = "Exhale-iOS";
			sourceTree = "<group>";
		};
/* End PBXGroup section */

/* Begin PBXNativeTarget section */
		F0BEC7B627E33CE600EE0ED9 /* Exhale-iOS */ = {
			isa = PBXNativeTarget;
			buildConfigurationList = F0BEC7CB27E33CE900EE0ED9 /* Build configuration list for PBXNativeTarget "Exhale-iOS" */;
			buildPhases = (
				F0BEC7B327E33CE600EE0ED9 /* Sources */,
				F0BEC7B427E33CE600EE0ED9 /* Frameworks */,
				F0BEC7B527E33CE600EE0ED9 /* Resources */,
			);
			buildRules = (
			);
			dependencies = (
			);
			name = "Exhale-iOS";
			productName = "Exhale-iOS";
			productReference = F0BEC7B727E33CE600EE0ED9 /* Exhale-iOS.app */;
			productType = "com.apple.product-type.application";
		};
/* End PBXNativeTarget section */

/* Begin PBXProject section */
		F0BEC7AF27E33CE600EE0ED9 /* Project object */ = {
			isa = PBXProject;
			attributes = {
				BuildIndependentTargetsInParallel = 1;
				LastSwiftUpdateCheck = 1300;
				LastUpgradeCheck = 1300;
				TargetAttributes = {
					F0BEC7B627E33CE600EE0ED9 = {
						CreatedOnToolsVersion = 13.0;
					};
				};
			};
			buildConfigurationList = F0BEC7B227E33CE600EE0ED9 /* Build configuration list for PBXProject "Exhale-iOS" */;
			compatibilityVersion = "Xcode 13.0";
			developmentRegion = en;
			hasScannedForEncodings = 0;
			knownRegions = (
				en,
				Base,
			);
			mainGroup = F0BEC7AE27E33CE600EE0ED9;
			productRefGroup = F0BEC7B827E33CE600EE0ED9 /* Products */;
			projectDirPath = "";
			projectRoot = "";
			targets = (
				F0BEC7B627E33CE600EE0ED9 /* Exhale-iOS */,
			);
		};
/* End PBXProject section */

/* Begin PBXResourcesBuildPhase section */
		F0BEC7B527E33CE600EE0ED9 /* Resources */ = {
			isa = PBXResourcesBuildPhase;
			buildActionMask = 2147483647;
			files = (
				F0BEC7C727E33CE900EE0ED9 /* LaunchScreen.storyboard in Resources */,
				F071D6D227E3CA2500EAD5E8 /* test.mp3 in Resources */,
				F0BEC7C427E33CE900EE0ED9 /* Assets.xcassets in Resources */,
				F0BEC7C227E33CE600EE0ED9 /* Main.storyboard in Resources */,
			);
			runOnlyForDeploymentPostprocessing = 0;
		};
/* End PBXResourcesBuildPhase section */

/* Begin PBXSourcesBuildPhase section */
		F0BEC7B327E33CE600EE0ED9 /* Sources */ = {
			isa = PBXSourcesBuildPhase;
			buildActionMask = 2147483647;
			files = (
				F06F7FA027E75B8F008A9C83 /* ThemeDownloadCellModel.swift in Sources */,
				F071D6D027E3C65200EAD5E8 /* AudioService.swift in Sources */,
				F071D6DD27E4F3E400EAD5E8 /* DownloadDelegate.swift in Sources */,
				F071D6E127E5D18200EAD5E8 /* ThemeDownloadCell.swift in Sources */,
				F0BEC7BF27E33CE600EE0ED9 /* ViewController.swift in Sources */,
				F0BEC7BB27E33CE600EE0ED9 /* AppDelegate.swift in Sources */,
				F06F7FA227E8A6F0008A9C83 /* ThemeDownloadCellDelegate.swift in Sources */,
				F071D6D627E4849400EAD5E8 /* ThemeCache.swift in Sources */,
				F071D6DA27E4A3B700EAD5E8 /* Downloader.swift in Sources */,
				F071D6DF27E4F42100EAD5E8 /* DownloadTaskState.swift in Sources */,
				F0BEC7BD27E33CE600EE0ED9 /* SceneDelegate.swift in Sources */,
			);
			runOnlyForDeploymentPostprocessing = 0;
		};
/* End PBXSourcesBuildPhase section */

/* Begin PBXVariantGroup section */
		F0BEC7C027E33CE600EE0ED9 /* Main.storyboard */ = {
			isa = PBXVariantGroup;
			children = (
				F0BEC7C127E33CE600EE0ED9 /* Base */,
			);
			name = Main.storyboard;
			sourceTree = "<group>";
		};
		F0BEC7C527E33CE900EE0ED9 /* LaunchScreen.storyboard */ = {
			isa = PBXVariantGroup;
			children = (
				F0BEC7C627E33CE900EE0ED9 /* Base */,
			);
			name = LaunchScreen.storyboard;
			sourceTree = "<group>";
		};
/* End PBXVariantGroup section */

/* Begin XCBuildConfiguration section */
		F0BEC7C927E33CE900EE0ED9 /* Debug */ = {
			isa = XCBuildConfiguration;
			buildSettings = {
				ALWAYS_SEARCH_USER_PATHS = NO;
				CLANG_ANALYZER_NONNULL = YES;
				CLANG_ANALYZER_NUMBER_OBJECT_CONVERSION = YES_AGGRESSIVE;
				CLANG_CXX_LANGUAGE_STANDARD = "gnu++17";
				CLANG_CXX_LIBRARY = "libc++";
				CLANG_ENABLE_MODULES = YES;
				CLANG_ENABLE_OBJC_ARC = YES;
				CLANG_ENABLE_OBJC_WEAK = YES;
				CLANG_WARN_BLOCK_CAPTURE_AUTORELEASING = YES;
				CLANG_WARN_BOOL_CONVERSION = YES;
				CLANG_WARN_COMMA = YES;
				CLANG_WARN_CONSTANT_CONVERSION = YES;
				CLANG_WARN_DEPRECATED_OBJC_IMPLEMENTATIONS = YES;
				CLANG_WARN_DIRECT_OBJC_ISA_USAGE = YES_ERROR;
				CLANG_WARN_DOCUMENTATION_COMMENTS = YES;
				CLANG_WARN_EMPTY_BODY = YES;
				CLANG_WARN_ENUM_CONVERSION = YES;
				CLANG_WARN_INFINITE_RECURSION = YES;
				CLANG_WARN_INT_CONVERSION = YES;
				CLANG_WARN_NON_LITERAL_NULL_CONVERSION = YES;
				CLANG_WARN_OBJC_IMPLICIT_RETAIN_SELF = YES;
				CLANG_WARN_OBJC_LITERAL_CONVERSION = YES;
				CLANG_WARN_OBJC_ROOT_CLASS = YES_ERROR;
				CLANG_WARN_QUOTED_INCLUDE_IN_FRAMEWORK_HEADER = YES;
				CLANG_WARN_RANGE_LOOP_ANALYSIS = YES;
				CLANG_WARN_STRICT_PROTOTYPES = YES;
				CLANG_WARN_SUSPICIOUS_MOVE = YES;
				CLANG_WARN_UNGUARDED_AVAILABILITY = YES_AGGRESSIVE;
				CLANG_WARN_UNREACHABLE_CODE = YES;
				CLANG_WARN__DUPLICATE_METHOD_MATCH = YES;
				COPY_PHASE_STRIP = NO;
				DEBUG_INFORMATION_FORMAT = dwarf;
				ENABLE_STRICT_OBJC_MSGSEND = YES;
				ENABLE_TESTABILITY = YES;
				GCC_C_LANGUAGE_STANDARD = gnu11;
				GCC_DYNAMIC_NO_PIC = NO;
				GCC_NO_COMMON_BLOCKS = YES;
				GCC_OPTIMIZATION_LEVEL = 0;
				GCC_PREPROCESSOR_DEFINITIONS = (
					"DEBUG=1",
					"$(inherited)",
				);
				GCC_WARN_64_TO_32_BIT_CONVERSION = YES;
				GCC_WARN_ABOUT_RETURN_TYPE = YES_ERROR;
				GCC_WARN_UNDECLARED_SELECTOR = YES;
				GCC_WARN_UNINITIALIZED_AUTOS = YES_AGGRESSIVE;
				GCC_WARN_UNUSED_FUNCTION = YES;
				GCC_WARN_UNUSED_VARIABLE = YES;
				IPHONEOS_DEPLOYMENT_TARGET = 15.0;
				MTL_ENABLE_DEBUG_INFO = INCLUDE_SOURCE;
				MTL_FAST_MATH = YES;
				ONLY_ACTIVE_ARCH = YES;
				SDKROOT = iphoneos;
				SWIFT_ACTIVE_COMPILATION_CONDITIONS = DEBUG;
				SWIFT_OPTIMIZATION_LEVEL = "-Onone";
			};
			name = Debug;
		};
		F0BEC7CA27E33CE900EE0ED9 /* Release */ = {
			isa = XCBuildConfiguration;
			buildSettings = {
				ALWAYS_SEARCH_USER_PATHS = NO;
				CLANG_ANALYZER_NONNULL = YES;
				CLANG_ANALYZER_NUMBER_OBJECT_CONVERSION = YES_AGGRESSIVE;
				CLANG_CXX_LANGUAGE_STANDARD = "gnu++17";
				CLANG_CXX_LIBRARY = "libc++";
				CLANG_ENABLE_MODULES = YES;
				CLANG_ENABLE_OBJC_ARC = YES;
				CLANG_ENABLE_OBJC_WEAK = YES;
				CLANG_WARN_BLOCK_CAPTURE_AUTORELEASING = YES;
				CLANG_WARN_BOOL_CONVERSION = YES;
				CLANG_WARN_COMMA = YES;
				CLANG_WARN_CONSTANT_CONVERSION = YES;
				CLANG_WARN_DEPRECATED_OBJC_IMPLEMENTATIONS = YES;
				CLANG_WARN_DIRECT_OBJC_ISA_USAGE = YES_ERROR;
				CLANG_WARN_DOCUMENTATION_COMMENTS = YES;
				CLANG_WARN_EMPTY_BODY = YES;
				CLANG_WARN_ENUM_CONVERSION = YES;
				CLANG_WARN_INFINITE_RECURSION = YES;
				CLANG_WARN_INT_CONVERSION = YES;
				CLANG_WARN_NON_LITERAL_NULL_CONVERSION = YES;
				CLANG_WARN_OBJC_IMPLICIT_RETAIN_SELF = YES;
				CLANG_WARN_OBJC_LITERAL_CONVERSION = YES;
				CLANG_WARN_OBJC_ROOT_CLASS = YES_ERROR;
				CLANG_WARN_QUOTED_INCLUDE_IN_FRAMEWORK_HEADER = YES;
				CLANG_WARN_RANGE_LOOP_ANALYSIS = YES;
				CLANG_WARN_STRICT_PROTOTYPES = YES;
				CLANG_WARN_SUSPICIOUS_MOVE = YES;
				CLANG_WARN_UNGUARDED_AVAILABILITY = YES_AGGRESSIVE;
				CLANG_WARN_UNREACHABLE_CODE = YES;
				CLANG_WARN__DUPLICATE_METHOD_MATCH = YES;
				COPY_PHASE_STRIP = NO;
				DEBUG_INFORMATION_FORMAT = "dwarf-with-dsym";
				ENABLE_NS_ASSERTIONS = NO;
				ENABLE_STRICT_OBJC_MSGSEND = YES;
				GCC_C_LANGUAGE_STANDARD = gnu11;
				GCC_NO_COMMON_BLOCKS = YES;
				GCC_WARN_64_TO_32_BIT_CONVERSION = YES;
				GCC_WARN_ABOUT_RETURN_TYPE = YES_ERROR;
				GCC_WARN_UNDECLARED_SELECTOR = YES;
				GCC_WARN_UNINITIALIZED_AUTOS = YES_AGGRESSIVE;
				GCC_WARN_UNUSED_FUNCTION = YES;
				GCC_WARN_UNUSED_VARIABLE = YES;
				IPHONEOS_DEPLOYMENT_TARGET = 15.0;
				MTL_ENABLE_DEBUG_INFO = NO;
				MTL_FAST_MATH = YES;
				SDKROOT = iphoneos;
				SWIFT_COMPILATION_MODE = wholemodule;
				SWIFT_OPTIMIZATION_LEVEL = "-O";
				VALIDATE_PRODUCT = YES;
			};
			name = Release;
		};
		F0BEC7CC27E33CE900EE0ED9 /* Debug */ = {
			isa = XCBuildConfiguration;
			buildSettings = {
				ASSETCATALOG_COMPILER_APPICON_NAME = AppIcon;
				ASSETCATALOG_COMPILER_GLOBAL_ACCENT_COLOR_NAME = AccentColor;
				CODE_SIGN_STYLE = Automatic;
				CURRENT_PROJECT_VERSION = 1;
				DEVELOPMENT_TEAM = U4UX25TX29;
				GENERATE_INFOPLIST_FILE = YES;
				INFOPLIST_FILE = "Exhale-iOS/Info.plist";
				INFOPLIST_KEY_UIApplicationSupportsIndirectInputEvents = YES;
				INFOPLIST_KEY_UILaunchStoryboardName = LaunchScreen;
				INFOPLIST_KEY_UIMainStoryboardFile = Main;
				INFOPLIST_KEY_UISupportedInterfaceOrientations_iPad = "UIInterfaceOrientationPortrait UIInterfaceOrientationPortraitUpsideDown UIInterfaceOrientationLandscapeLeft UIInterfaceOrientationLandscapeRight";
				INFOPLIST_KEY_UISupportedInterfaceOrientations_iPhone = "UIInterfaceOrientationPortrait UIInterfaceOrientationLandscapeLeft UIInterfaceOrientationLandscapeRight";
				LD_RUNPATH_SEARCH_PATHS = (
					"$(inherited)",
					"@executable_path/Frameworks",
				);
				MARKETING_VERSION = 1.0;
				PRODUCT_BUNDLE_IDENTIFIER = "europeec.Exhale-iOS";
				PRODUCT_NAME = "$(TARGET_NAME)";
				SWIFT_EMIT_LOC_STRINGS = YES;
				SWIFT_VERSION = 5.0;
				TARGETED_DEVICE_FAMILY = "1,2";
			};
			name = Debug;
		};
		F0BEC7CD27E33CE900EE0ED9 /* Release */ = {
			isa = XCBuildConfiguration;
			buildSettings = {
				ASSETCATALOG_COMPILER_APPICON_NAME = AppIcon;
				ASSETCATALOG_COMPILER_GLOBAL_ACCENT_COLOR_NAME = AccentColor;
				CODE_SIGN_STYLE = Automatic;
				CURRENT_PROJECT_VERSION = 1;
				DEVELOPMENT_TEAM = U4UX25TX29;
				GENERATE_INFOPLIST_FILE = YES;
				INFOPLIST_FILE = "Exhale-iOS/Info.plist";
				INFOPLIST_KEY_UIApplicationSupportsIndirectInputEvents = YES;
				INFOPLIST_KEY_UILaunchStoryboardName = LaunchScreen;
				INFOPLIST_KEY_UIMainStoryboardFile = Main;
				INFOPLIST_KEY_UISupportedInterfaceOrientations_iPad = "UIInterfaceOrientationPortrait UIInterfaceOrientationPortraitUpsideDown UIInterfaceOrientationLandscapeLeft UIInterfaceOrientationLandscapeRight";
				INFOPLIST_KEY_UISupportedInterfaceOrientations_iPhone = "UIInterfaceOrientationPortrait UIInterfaceOrientationLandscapeLeft UIInterfaceOrientationLandscapeRight";
				LD_RUNPATH_SEARCH_PATHS = (
					"$(inherited)",
					"@executable_path/Frameworks",
				);
				MARKETING_VERSION = 1.0;
				PRODUCT_BUNDLE_IDENTIFIER = "europeec.Exhale-iOS";
				PRODUCT_NAME = "$(TARGET_NAME)";
				SWIFT_EMIT_LOC_STRINGS = YES;
				SWIFT_VERSION = 5.0;
				TARGETED_DEVICE_FAMILY = "1,2";
			};
			name = Release;
		};
/* End XCBuildConfiguration section */

/* Begin XCConfigurationList section */
		F0BEC7B227E33CE600EE0ED9 /* Build configuration list for PBXProject "Exhale-iOS" */ = {
			isa = XCConfigurationList;
			buildConfigurations = (
				F0BEC7C927E33CE900EE0ED9 /* Debug */,
				F0BEC7CA27E33CE900EE0ED9 /* Release */,
			);
			defaultConfigurationIsVisible = 0;
			defaultConfigurationName = Release;
		};
		F0BEC7CB27E33CE900EE0ED9 /* Build configuration list for PBXNativeTarget "Exhale-iOS" */ = {
			isa = XCConfigurationList;
			buildConfigurations = (
				F0BEC7CC27E33CE900EE0ED9 /* Debug */,
				F0BEC7CD27E33CE900EE0ED9 /* Release */,
			);
			defaultConfigurationIsVisible = 0;
			defaultConfigurationName = Release;
		};
/* End XCConfigurationList section */
	};
	rootObject = F0BEC7AF27E33CE600EE0ED9 /* Project object */;
}
